
Microsoft Visual Studio Solution File, Format Version 12.00
# Visual Studio 14
VisualStudioVersion = 14.0.25420.1
MinimumVisualStudioVersion = 10.0.40219.1
Project("{FAE04EC0-301F-11D3-BF4B-00C04F79EFBC}") = "LockOnPluginParty", "LockOnPluginParty\LockOnPluginParty.csproj", "{C1021C43-517B-4CFB-963D-F86CBB1DCDD5}"
EndProject
Project("{FAE04EC0-301F-11D3-BF4B-00C04F79EFBC}") = "LockOnPluginNeo", "LockOnNeoPlugin\LockOnPluginNeo.csproj", "{F09C8AA3-8980-4AE1-99F8-4D290637FD23}"
EndProject
Project("{2150E333-8FDC-42A3-9474-1A3956D46DE8}") = "Solution Items", "Solution Items", "{F1983BF1-EA7A-4214-B7CA-F3654561DA35}"
	ProjectSection(SolutionItems) = preProject
		.gitignore = .gitignore
		keynames.txt = keynames.txt
		README.md = README.md
		rotationlockshit.txt = rotationlockshit.txt
		TODO.txt = TODO.txt
	EndProjectSection
EndProject
Project("{2150E333-8FDC-42A3-9474-1A3956D46DE8}") = "TargetSettings", "TargetSettings", "{7CC3FA86-960A-4482-9116-948CDB14A874}"
	ProjectSection(SolutionItems) = preProject
		TargetSettings\centertargetweights.txt = TargetSettings\centertargetweights.txt
		TargetSettings\customtargets.txt = TargetSettings\customtargets.txt
		TargetSettings\normaltargets.txt = TargetSettings\normaltargets.txt
		TargetSettings\quicktargetsfemale.txt = TargetSettings\quicktargetsfemale.txt
		TargetSettings\quicktargetsmale.txt = TargetSettings\quicktargetsmale.txt
	EndProjectSection
EndProject
Global
	GlobalSection(SolutionConfigurationPlatforms) = preSolution
		Debug|Any CPU = Debug|Any CPU
		Release|Any CPU = Release|Any CPU
	EndGlobalSection
	GlobalSection(ProjectConfigurationPlatforms) = postSolution
		{C1021C43-517B-4CFB-963D-F86CBB1DCDD5}.Debug|Any CPU.ActiveCfg = Debug|Any CPU
		{C1021C43-517B-4CFB-963D-F86CBB1DCDD5}.Debug|Any CPU.Build.0 = Debug|Any CPU
		{C1021C43-517B-4CFB-963D-F86CBB1DCDD5}.Release|Any CPU.ActiveCfg = Release|Any CPU
		{C1021C43-517B-4CFB-963D-F86CBB1DCDD5}.Release|Any CPU.Build.0 = Release|Any CPU
		{F09C8AA3-8980-4AE1-99F8-4D290637FD23}.Debug|Any CPU.ActiveCfg = Debug|Any CPU
		{F09C8AA3-8980-4AE1-99F8-4D290637FD23}.Release|Any CPU.ActiveCfg = Release|Any CPU
		{F09C8AA3-8980-4AE1-99F8-4D290637FD23}.Release|Any CPU.Build.0 = Release|Any CPU
	EndGlobalSection
	GlobalSection(SolutionProperties) = preSolution
		HideSolutionNode = FALSE
	EndGlobalSection
EndGlobal
